
Microsoft Visual Studio Solution File, Format Version 12.00
# Visual Studio Version 17
VisualStudioVersion = 17.3.32901.215
MinimumVisualStudioVersion = 10.0.40219.1
Project("{FAE04EC0-301F-11D3-BF4B-00C04F79EFBC}") = "FindCharacterExissstOrNot", "FindCharacterExissstOrNot\FindCharacterExissstOrNot.csproj", "{5D12A98F-71C6-4BDE-AC82-0D83522FE71F}"
EndProject
Global
	GlobalSection(SolutionConfigurationPlatforms) = preSolution
		Debug|Any CPU = Debug|Any CPU
		Release|Any CPU = Release|Any CPU
	EndGlobalSection
	GlobalSection(ProjectConfigurationPlatforms) = postSolution
		{5D12A98F-71C6-4BDE-AC82-0D83522FE71F}.Debug|Any CPU.ActiveCfg = Debug|Any CPU
		{5D12A98F-71C6-4BDE-AC82-0D83522FE71F}.Debug|Any CPU.Build.0 = Debug|Any CPU
		{5D12A98F-71C6-4BDE-AC82-0D83522FE71F}.Release|Any CPU.ActiveCfg = Release|Any CPU
		{5D12A98F-71C6-4BDE-AC82-0D83522FE71F}.Release|Any CPU.Build.0 = Release|Any CPU
	EndGlobalSection
	GlobalSection(SolutionProperties) = preSolution
		HideSolutionNode = FALSE
	EndGlobalSection
	GlobalSection(ExtensibilityGlobals) = postSolution
		SolutionGuid = {1C186CF6-AAB2-4B5B-B39D-DE6AC34138D0}
	EndGlobalSection
EndGlobal
