
Microsoft Visual Studio Solution File, Format Version 12.00
# Visual Studio Version 17
VisualStudioVersion = 17.3.32901.215
MinimumVisualStudioVersion = 10.0.40219.1
Project("{FAE04EC0-301F-11D3-BF4B-00C04F79EFBC}") = "PrimeNumbers", "PrimeNumbers\PrimeNumbers.csproj", "{200452DA-1B2C-428A-8AEB-20ECD5790EAD}"
EndProject
Global
	GlobalSection(SolutionConfigurationPlatforms) = preSolution
		Debug|Any CPU = Debug|Any CPU
		Release|Any CPU = Release|Any CPU
	EndGlobalSection
	GlobalSection(ProjectConfigurationPlatforms) = postSolution
		{200452DA-1B2C-428A-8AEB-20ECD5790EAD}.Debug|Any CPU.ActiveCfg = Debug|Any CPU
		{200452DA-1B2C-428A-8AEB-20ECD5790EAD}.Debug|Any CPU.Build.0 = Debug|Any CPU
		{200452DA-1B2C-428A-8AEB-20ECD5790EAD}.Release|Any CPU.ActiveCfg = Release|Any CPU
		{200452DA-1B2C-428A-8AEB-20ECD5790EAD}.Release|Any CPU.Build.0 = Release|Any CPU
	EndGlobalSection
	GlobalSection(SolutionProperties) = preSolution
		HideSolutionNode = FALSE
	EndGlobalSection
	GlobalSection(ExtensibilityGlobals) = postSolution
		SolutionGuid = {4979EDA6-0FA9-4AA6-BD9E-C42C55F069F3}
	EndGlobalSection
EndGlobal
